<?xml version="1.0" encoding="utf-8"?>
<Project ToolsVersion="4.0" xmlns="http://schemas.microsoft.com/developer/msbuild/2003">
  <ItemGroup>
    <ClCompile Include="..\..\bonanza6\attack.c" />
    <ClCompile Include="..\..\bonanza6\bbini.c" />
    <ClCompile Include="..\..\bonanza6\bitop.c" />
    <ClCompile Include="..\..\bonanza6\book.c" />
    <ClCompile Include="..\..\bonanza6\csa.c" />
    <ClCompile Include="..\..\bonanza6\data.c" />
    <ClCompile Include="..\..\bonanza6\debug.c" />
    <ClCompile Include="..\..\bonanza6\dfpn.c" />
    <ClCompile Include="..\..\bonanza6\dfpnhash.c" />
    <ClCompile Include="..\..\bonanza6\evaldiff.c" />
    <ClCompile Include="..\..\bonanza6\evaluate.c" />
    <ClCompile Include="..\..\bonanza6\gencap.c" />
    <ClCompile Include="..\..\bonanza6\genchk.c" />
    <ClCompile Include="..\..\bonanza6\gendrop.c" />
    <ClCompile Include="..\..\bonanza6\genevasn.c" />
    <ClCompile Include="..\..\bonanza6\gennocap.c" />
    <ClCompile Include="..\..\bonanza6\handjoseki.c" />
    <ClCompile Include="..\..\bonanza6\hash.c" />
    <ClCompile Include="..\..\bonanza6\ini.c" />
    <ClCompile Include="..\..\bonanza6\io.c" />
    <ClCompile Include="..\..\bonanza6\iterate.c" />
    <ClCompile Include="..\..\bonanza6\learn1.c" />
    <ClCompile Include="..\..\bonanza6\learn2.c" />
    <ClCompile Include="..\..\bonanza6\makemove.c" />
    <ClCompile Include="..\..\bonanza6\mate1ply.c" />
    <ClCompile Include="..\..\bonanza6\mate3.c" />
    <ClCompile Include="..\..\bonanza6\movgenex.c" />
    <ClCompile Include="..\..\bonanza6\next.c" />
    <ClCompile Include="..\..\bonanza6\phash.c" />
    <ClCompile Include="..\..\bonanza6\ponder.c" />
    <ClCompile Include="..\..\bonanza6\problem.c" />
    <ClCompile Include="..\..\bonanza6\proce.c" />
    <ClCompile Include="..\..\bonanza6\quiesrch.c" />
    <ClCompile Include="..\..\bonanza6\rand.c" />
    <ClCompile Include="..\..\bonanza6\root.c" />
    <ClCompile Include="..\..\bonanza6\sckt.c" />
    <ClCompile Include="..\..\bonanza6\search.c" />
    <ClCompile Include="..\..\bonanza6\searchr.c" />
    <ClCompile Include="..\..\bonanza6\swap.c" />
    <ClCompile Include="..\..\bonanza6\thread.c" />
    <ClCompile Include="..\..\bonanza6\time.c" />
    <ClCompile Include="..\..\bonanza6\unmake.c" />
    <ClCompile Include="..\..\bonanza6\utility.c" />
    <ClCompile Include="..\..\bonanza6\valid.c" />
    <ClCompile Include="..\..\bonanza6\main.c" />
  </ItemGroup>
  <ItemGroup>
    <ClInclude Include="..\..\bonanza6\bitop.h" />
    <ClInclude Include="..\..\bonanza6\dfpn.h" />
    <ClInclude Include="..\..\bonanza6\inline.h" />
    <ClInclude Include="..\..\bonanza6\param.h" />
    <ClInclude Include="..\..\bonanza6\shogi.h" />
  </ItemGroup>
</Project>